
Microsoft Visual Studio Solution File, Format Version 12.00
# Visual Studio Version 16
VisualStudioVersion = 16.0.30711.63
MinimumVisualStudioVersion = 10.0.40219.1
Project("{FAE04EC0-301F-11D3-BF4B-00C04F79EFBC}") = "OzmaReportGenerator", "OzmaReportGenerator\OzmaReportGenerator.csproj", "{BBB42512-7D3A-439E-AE0C-B193F87B17AA}"
EndProject
Project("{FAE04EC0-301F-11D3-BF4B-00C04F79EFBC}") = "OzmaReportGenerator.Tests", "OzmaReportGenerator.Tests\OzmaReportGenerator.Tests.csproj", "{BA47B41B-1386-4326-BA0C-A452E8A7F4F9}"
EndProject
Global
	GlobalSection(SolutionConfigurationPlatforms) = preSolution
		Debug|Any CPU = Debug|Any CPU
		Debug|x64 = Debug|x64
		Debug|x86 = Debug|x86
		Release|Any CPU = Release|Any CPU
		Release|x64 = Release|x64
		Release|x86 = Release|x86
	EndGlobalSection
	GlobalSection(ProjectConfigurationPlatforms) = postSolution
		{BBB42512-7D3A-439E-AE0C-B193F87B17AA}.Debug|Any CPU.ActiveCfg = Debug|Any CPU
		{BBB42512-7D3A-439E-AE0C-B193F87B17AA}.Debug|Any CPU.Build.0 = Debug|Any CPU
		{BBB42512-7D3A-439E-AE0C-B193F87B17AA}.Debug|x64.ActiveCfg = Debug|Any CPU
		{BBB42512-7D3A-439E-AE0C-B193F87B17AA}.Debug|x64.Build.0 = Debug|Any CPU
		{BBB42512-7D3A-439E-AE0C-B193F87B17AA}.Debug|x86.ActiveCfg = Debug|Any CPU
		{BBB42512-7D3A-439E-AE0C-B193F87B17AA}.Debug|x86.Build.0 = Debug|Any CPU
		{BBB42512-7D3A-439E-AE0C-B193F87B17AA}.Release|Any CPU.ActiveCfg = Release|Any CPU
		{BBB42512-7D3A-439E-AE0C-B193F87B17AA}.Release|Any CPU.Build.0 = Release|Any CPU
		{BBB42512-7D3A-439E-AE0C-B193F87B17AA}.Release|x64.ActiveCfg = Release|Any CPU
		{BBB42512-7D3A-439E-AE0C-B193F87B17AA}.Release|x64.Build.0 = Release|Any CPU
		{BBB42512-7D3A-439E-AE0C-B193F87B17AA}.Release|x86.ActiveCfg = Release|Any CPU
		{BBB42512-7D3A-439E-AE0C-B193F87B17AA}.Release|x86.Build.0 = Release|Any CPU
		{BA47B41B-1386-4326-BA0C-A452E8A7F4F9}.Debug|Any CPU.ActiveCfg = Debug|Any CPU
		{BA47B41B-1386-4326-BA0C-A452E8A7F4F9}.Debug|Any CPU.Build.0 = Debug|Any CPU
		{BA47B41B-1386-4326-BA0C-A452E8A7F4F9}.Debug|x64.ActiveCfg = Debug|Any CPU
		{BA47B41B-1386-4326-BA0C-A452E8A7F4F9}.Debug|x64.Build.0 = Debug|Any CPU
		{BA47B41B-1386-4326-BA0C-A452E8A7F4F9}.Debug|x86.ActiveCfg = Debug|Any CPU
		{BA47B41B-1386-4326-BA0C-A452E8A7F4F9}.Debug|x86.Build.0 = Debug|Any CPU
		{BA47B41B-1386-4326-BA0C-A452E8A7F4F9}.Release|Any CPU.ActiveCfg = Release|Any CPU
		{BA47B41B-1386-4326-BA0C-A452E8A7F4F9}.Release|Any CPU.Build.0 = Release|Any CPU
		{BA47B41B-1386-4326-BA0C-A452E8A7F4F9}.Release|x64.ActiveCfg = Release|Any CPU
		{BA47B41B-1386-4326-BA0C-A452E8A7F4F9}.Release|x64.Build.0 = Release|Any CPU
		{BA47B41B-1386-4326-BA0C-A452E8A7F4F9}.Release|x86.ActiveCfg = Release|Any CPU
		{BA47B41B-1386-4326-BA0C-A452E8A7F4F9}.Release|x86.Build.0 = Release|Any CPU
	EndGlobalSection
	GlobalSection(SolutionProperties) = preSolution
		HideSolutionNode = FALSE
	EndGlobalSection
	GlobalSection(ExtensibilityGlobals) = postSolution
		SolutionGuid = {63F74C63-17ED-48D8-A907-52054C0F0E24}
	EndGlobalSection
EndGlobal
